
Microsoft Visual Studio Solution File, Format Version 12.00
# Visual Studio Version 17
VisualStudioVersion = 17.0.31903.59
MinimumVisualStudioVersion = 10.0.40219.1
Project("{FAE04EC0-301F-11D3-BF4B-00C04F79EFBC}") = "API", "API\API.csproj", "{7ABA8C04-7252-4E41-8398-C1D234F383A0}"
EndProject
Project("{FAE04EC0-301F-11D3-BF4B-00C04F79EFBC}") = "Application", "Application\Application.csproj", "{6A193F5D-B0A4-4EFA-9718-5E3716BB69B8}"
EndProject
Project("{FAE04EC0-301F-11D3-BF4B-00C04F79EFBC}") = "Domain", "Domain\Domain.csproj", "{5420A723-5741-4BD2-91F3-D4EB64FBB2B2}"
EndProject
Project("{FAE04EC0-301F-11D3-BF4B-00C04F79EFBC}") = "Persistence", "Persistence\Persistence.csproj", "{07485C1E-6FFC-4023-863F-6CF49E14A898}"
EndProject
Global
	GlobalSection(SolutionConfigurationPlatforms) = preSolution
		Debug|Any CPU = Debug|Any CPU
		Release|Any CPU = Release|Any CPU
	EndGlobalSection
	GlobalSection(SolutionProperties) = preSolution
		HideSolutionNode = FALSE
	EndGlobalSection
	GlobalSection(ProjectConfigurationPlatforms) = postSolution
		{7ABA8C04-7252-4E41-8398-C1D234F383A0}.Debug|Any CPU.ActiveCfg = Debug|Any CPU
		{7ABA8C04-7252-4E41-8398-C1D234F383A0}.Debug|Any CPU.Build.0 = Debug|Any CPU
		{7ABA8C04-7252-4E41-8398-C1D234F383A0}.Release|Any CPU.ActiveCfg = Release|Any CPU
		{7ABA8C04-7252-4E41-8398-C1D234F383A0}.Release|Any CPU.Build.0 = Release|Any CPU
		{6A193F5D-B0A4-4EFA-9718-5E3716BB69B8}.Debug|Any CPU.ActiveCfg = Debug|Any CPU
		{6A193F5D-B0A4-4EFA-9718-5E3716BB69B8}.Debug|Any CPU.Build.0 = Debug|Any CPU
		{6A193F5D-B0A4-4EFA-9718-5E3716BB69B8}.Release|Any CPU.ActiveCfg = Release|Any CPU
		{6A193F5D-B0A4-4EFA-9718-5E3716BB69B8}.Release|Any CPU.Build.0 = Release|Any CPU
		{5420A723-5741-4BD2-91F3-D4EB64FBB2B2}.Debug|Any CPU.ActiveCfg = Debug|Any CPU
		{5420A723-5741-4BD2-91F3-D4EB64FBB2B2}.Debug|Any CPU.Build.0 = Debug|Any CPU
		{5420A723-5741-4BD2-91F3-D4EB64FBB2B2}.Release|Any CPU.ActiveCfg = Release|Any CPU
		{5420A723-5741-4BD2-91F3-D4EB64FBB2B2}.Release|Any CPU.Build.0 = Release|Any CPU
		{07485C1E-6FFC-4023-863F-6CF49E14A898}.Debug|Any CPU.ActiveCfg = Debug|Any CPU
		{07485C1E-6FFC-4023-863F-6CF49E14A898}.Debug|Any CPU.Build.0 = Debug|Any CPU
		{07485C1E-6FFC-4023-863F-6CF49E14A898}.Release|Any CPU.ActiveCfg = Release|Any CPU
		{07485C1E-6FFC-4023-863F-6CF49E14A898}.Release|Any CPU.Build.0 = Release|Any CPU
	EndGlobalSection
EndGlobal
